
Microsoft Visual Studio Solution File, Format Version 12.00
# Visual Studio 15
Project("{FAE04EC0-301F-11D3-BF4B-00C04F79EFBC}") = "Assembly-CSharp", "Assembly-CSharp.csproj", "{38FC252D-9533-F67D-776B-A3F6AE1DAF27}"
EndProject
Project("{FAE04EC0-301F-11D3-BF4B-00C04F79EFBC}") = "Assembly-CSharp-firstpass", "Assembly-CSharp-firstpass.csproj", "{629EAE3C-CF2B-C81C-3825-5F509A3B85FE}"
EndProject
Project("{FAE04EC0-301F-11D3-BF4B-00C04F79EFBC}") = "Assembly-CSharp-Editor-firstpass", "Assembly-CSharp-Editor-firstpass.csproj", "{34B07789-24F6-4844-38BA-19EF8F60DE17}"
EndProject
Global
	GlobalSection(SolutionConfigurationPlatforms) = preSolution
		Debug|Any CPU = Debug|Any CPU
		Release|Any CPU = Release|Any CPU
	EndGlobalSection
	GlobalSection(ProjectConfigurationPlatforms) = postSolution
		{38FC252D-9533-F67D-776B-A3F6AE1DAF27}.Debug|Any CPU.ActiveCfg = Debug|Any CPU
		{38FC252D-9533-F67D-776B-A3F6AE1DAF27}.Debug|Any CPU.Build.0 = Debug|Any CPU
		{38FC252D-9533-F67D-776B-A3F6AE1DAF27}.Release|Any CPU.ActiveCfg = Release|Any CPU
		{38FC252D-9533-F67D-776B-A3F6AE1DAF27}.Release|Any CPU.Build.0 = Release|Any CPU
		{629EAE3C-CF2B-C81C-3825-5F509A3B85FE}.Debug|Any CPU.ActiveCfg = Debug|Any CPU
		{629EAE3C-CF2B-C81C-3825-5F509A3B85FE}.Debug|Any CPU.Build.0 = Debug|Any CPU
		{629EAE3C-CF2B-C81C-3825-5F509A3B85FE}.Release|Any CPU.ActiveCfg = Release|Any CPU
		{629EAE3C-CF2B-C81C-3825-5F509A3B85FE}.Release|Any CPU.Build.0 = Release|Any CPU
		{34B07789-24F6-4844-38BA-19EF8F60DE17}.Debug|Any CPU.ActiveCfg = Debug|Any CPU
		{34B07789-24F6-4844-38BA-19EF8F60DE17}.Debug|Any CPU.Build.0 = Debug|Any CPU
		{34B07789-24F6-4844-38BA-19EF8F60DE17}.Release|Any CPU.ActiveCfg = Release|Any CPU
		{34B07789-24F6-4844-38BA-19EF8F60DE17}.Release|Any CPU.Build.0 = Release|Any CPU
	EndGlobalSection
	GlobalSection(SolutionProperties) = preSolution
		HideSolutionNode = FALSE
	EndGlobalSection
EndGlobal
